
Microsoft Visual Studio Solution File, Format Version 12.00
# Visual Studio Version 16
VisualStudioVersion = 16.0.29102.190
MinimumVisualStudioVersion = 10.0.40219.1
Project("{8BC9CEB8-8B4A-11D0-8D11-00A0C91BC942}") = "M2Lib", "M2Lib\M2Lib.vcxproj", "{881DD3B6-0C01-44BA-86A4-09C9ADC86ECB}"
EndProject
Project("{8BC9CEB8-8B4A-11D0-8D11-00A0C91BC942}") = "M2ModRedux", "M2ModRedux\M2ModRedux.vcxproj", "{E0F7E43B-73C9-4537-8B78-2BC30DD50038}"
	ProjectSection(ProjectDependencies) = postProject
		{881DD3B6-0C01-44BA-86A4-09C9ADC86ECB} = {881DD3B6-0C01-44BA-86A4-09C9ADC86ECB}
	EndProjectSection
EndProject
Project("{2150E333-8FDC-42A3-9474-1A3956D46DE8}") = "Solution Items", "Solution Items", "{CA446F65-5048-4B88-8874-19D021160247}"
	ProjectSection(SolutionItems) = preProject
		.editorconfig = .editorconfig
	EndProjectSection
EndProject
Project("{FAE04EC0-301F-11D3-BF4B-00C04F79EFBC}") = "M2Mod", "M2Mod\M2Mod.csproj", "{804C5F6F-D8A8-45C0-BAD6-A52E7B69049F}"
	ProjectSection(ProjectDependencies) = postProject
		{881DD3B6-0C01-44BA-86A4-09C9ADC86ECB} = {881DD3B6-0C01-44BA-86A4-09C9ADC86ECB}
	EndProjectSection
EndProject
Global
	GlobalSection(SolutionConfigurationPlatforms) = preSolution
		Debug Shared|Any CPU = Debug Shared|Any CPU
		Debug Shared|Win32 = Debug Shared|Win32
		Debug Shared|x64 = Debug Shared|x64
		Debug|Any CPU = Debug|Any CPU
		Debug|Win32 = Debug|Win32
		Debug|x64 = Debug|x64
		Release|Any CPU = Release|Any CPU
		Release|Win32 = Release|Win32
		Release|x64 = Release|x64
	EndGlobalSection
	GlobalSection(ProjectConfigurationPlatforms) = postSolution
		{881DD3B6-0C01-44BA-86A4-09C9ADC86ECB}.Debug Shared|Any CPU.ActiveCfg = Debug Shared|Win32
		{881DD3B6-0C01-44BA-86A4-09C9ADC86ECB}.Debug Shared|Win32.ActiveCfg = Debug Shared|Win32
		{881DD3B6-0C01-44BA-86A4-09C9ADC86ECB}.Debug Shared|Win32.Build.0 = Debug Shared|Win32
		{881DD3B6-0C01-44BA-86A4-09C9ADC86ECB}.Debug Shared|x64.ActiveCfg = Debug Shared|Win32
		{881DD3B6-0C01-44BA-86A4-09C9ADC86ECB}.Debug|Any CPU.ActiveCfg = Debug|Win32
		{881DD3B6-0C01-44BA-86A4-09C9ADC86ECB}.Debug|Win32.ActiveCfg = Debug|Win32
		{881DD3B6-0C01-44BA-86A4-09C9ADC86ECB}.Debug|Win32.Build.0 = Debug|Win32
		{881DD3B6-0C01-44BA-86A4-09C9ADC86ECB}.Debug|x64.ActiveCfg = Debug|Win32
		{881DD3B6-0C01-44BA-86A4-09C9ADC86ECB}.Release|Any CPU.ActiveCfg = Release|Win32
		{881DD3B6-0C01-44BA-86A4-09C9ADC86ECB}.Release|Win32.ActiveCfg = Release|Win32
		{881DD3B6-0C01-44BA-86A4-09C9ADC86ECB}.Release|Win32.Build.0 = Release|Win32
		{881DD3B6-0C01-44BA-86A4-09C9ADC86ECB}.Release|x64.ActiveCfg = Release|Win32
		{E0F7E43B-73C9-4537-8B78-2BC30DD50038}.Debug Shared|Any CPU.ActiveCfg = Debug Shared|Win32
		{E0F7E43B-73C9-4537-8B78-2BC30DD50038}.Debug Shared|Win32.ActiveCfg = Debug Shared|Win32
		{E0F7E43B-73C9-4537-8B78-2BC30DD50038}.Debug Shared|Win32.Build.0 = Debug Shared|Win32
		{E0F7E43B-73C9-4537-8B78-2BC30DD50038}.Debug Shared|x64.ActiveCfg = Debug Shared|Win32
		{E0F7E43B-73C9-4537-8B78-2BC30DD50038}.Debug|Any CPU.ActiveCfg = Debug|Win32
		{E0F7E43B-73C9-4537-8B78-2BC30DD50038}.Debug|Win32.ActiveCfg = Debug|Win32
		{E0F7E43B-73C9-4537-8B78-2BC30DD50038}.Debug|Win32.Build.0 = Debug|Win32
		{E0F7E43B-73C9-4537-8B78-2BC30DD50038}.Debug|x64.ActiveCfg = Debug|Win32
		{E0F7E43B-73C9-4537-8B78-2BC30DD50038}.Release|Any CPU.ActiveCfg = Release|Win32
		{E0F7E43B-73C9-4537-8B78-2BC30DD50038}.Release|Win32.ActiveCfg = Release|Win32
		{E0F7E43B-73C9-4537-8B78-2BC30DD50038}.Release|Win32.Build.0 = Release|Win32
		{E0F7E43B-73C9-4537-8B78-2BC30DD50038}.Release|x64.ActiveCfg = Release|Win32
		{804C5F6F-D8A8-45C0-BAD6-A52E7B69049F}.Debug Shared|Any CPU.ActiveCfg = Debug Shared|Any CPU
		{804C5F6F-D8A8-45C0-BAD6-A52E7B69049F}.Debug Shared|Any CPU.Build.0 = Debug Shared|Any CPU
		{804C5F6F-D8A8-45C0-BAD6-A52E7B69049F}.Debug Shared|Win32.ActiveCfg = Debug Shared|Any CPU
		{804C5F6F-D8A8-45C0-BAD6-A52E7B69049F}.Debug Shared|Win32.Build.0 = Debug Shared|Any CPU
		{804C5F6F-D8A8-45C0-BAD6-A52E7B69049F}.Debug Shared|x64.ActiveCfg = Debug|Any CPU
		{804C5F6F-D8A8-45C0-BAD6-A52E7B69049F}.Debug Shared|x64.Build.0 = Debug|Any CPU
		{804C5F6F-D8A8-45C0-BAD6-A52E7B69049F}.Debug|Any CPU.ActiveCfg = Debug|Any CPU
		{804C5F6F-D8A8-45C0-BAD6-A52E7B69049F}.Debug|Any CPU.Build.0 = Debug|Any CPU
		{804C5F6F-D8A8-45C0-BAD6-A52E7B69049F}.Debug|Win32.ActiveCfg = Debug|Any CPU
		{804C5F6F-D8A8-45C0-BAD6-A52E7B69049F}.Debug|Win32.Build.0 = Debug|Any CPU
		{804C5F6F-D8A8-45C0-BAD6-A52E7B69049F}.Debug|x64.ActiveCfg = Debug|Any CPU
		{804C5F6F-D8A8-45C0-BAD6-A52E7B69049F}.Debug|x64.Build.0 = Debug|Any CPU
		{804C5F6F-D8A8-45C0-BAD6-A52E7B69049F}.Release|Any CPU.ActiveCfg = Release|Any CPU
		{804C5F6F-D8A8-45C0-BAD6-A52E7B69049F}.Release|Any CPU.Build.0 = Release|Any CPU
		{804C5F6F-D8A8-45C0-BAD6-A52E7B69049F}.Release|Win32.ActiveCfg = Release|Any CPU
		{804C5F6F-D8A8-45C0-BAD6-A52E7B69049F}.Release|Win32.Build.0 = Release|Any CPU
		{804C5F6F-D8A8-45C0-BAD6-A52E7B69049F}.Release|x64.ActiveCfg = Release|Any CPU
		{804C5F6F-D8A8-45C0-BAD6-A52E7B69049F}.Release|x64.Build.0 = Release|Any CPU
	EndGlobalSection
	GlobalSection(SolutionProperties) = preSolution
		HideSolutionNode = FALSE
	EndGlobalSection
	GlobalSection(ExtensibilityGlobals) = postSolution
		SolutionGuid = {1277E841-7613-44C5-81CB-87AD24ADF31A}
	EndGlobalSection
EndGlobal
